{
  "version": 4,
  "terraform_version": "1.14.3",
  "serial": 144,
  "lineage": "5771d202-cd1c-23b6-4800-24123e9efda6",
  "outputs": {
    "loan_agent_fqdn": {
      "value": "maces-loan.francecentral.azurecontainer.io",
      "type": "string"
    },
    "loan_agent_url": {
      "value": "http://maces-loan.francecentral.azurecontainer.io:5000",
      "type": "string"
    },
    "voice_assistant_fqdn": {
      "value": "maces-voice.francecentral.azurecontainer.io",
      "type": "string"
    },
    "voice_assistant_url": {
      "value": "http://maces-voice.francecentral.azurecontainer.io:8000",
      "type": "string"
    }
  },
  "resources": [
    {
      "mode": "managed",
      "type": "azurerm_container_group",
      "name": "loan_agent",
      "provider": "provider[\"registry.terraform.io/hashicorp/azurerm\"]",
      "instances": [
        {
          "schema_version": 0,
          "attributes": {
            "container": [
              {
                "commands": [],
                "cpu": 1,
                "cpu_limit": 0,
                "environment_variables": {
                  "PORT": "5000",
                  "PROCEED_URL": "http://maces-voice.francecentral.azurecontainer.io:8000/maces_interface.html",
                  "RETURN_URL": "http://maces-voice.francecentral.azurecontainer.io:8000/"
                },
                "gpu": [],
                "gpu_limit": [],
                "image": "mariaboukhelfa2025/maces:loan-agent-latest",
                "liveness_probe": [],
                "memory": 8,
                "memory_limit": 0,
                "name": "loan-agent",
                "ports": [
                  {
                    "port": 5000,
                    "protocol": "TCP"
                  }
                ],
                "readiness_probe": [],
                "secure_environment_variables": null,
                "security": [],
                "volume": []
              }
            ],
            "diagnostics": [],
            "dns_config": [],
            "dns_name_label": "maces-loan",
            "dns_name_label_reuse_policy": "Unsecure",
            "exposed_port": [
              {
                "port": 5000,
                "protocol": "TCP"
              }
            ],
            "fqdn": "maces-loan.francecentral.azurecontainer.io",
            "id": "/subscriptions/299e067f-d86a-4d63-bc44-b42ed7ecbe2c/resourceGroups/maces-rg/providers/Microsoft.ContainerInstance/containerGroups/maces-loan-agent",
            "identity": [],
            "image_registry_credential": [
              {
                "password": "dckr_pat_GVyQvDhQZFdLxl8BmzIfnjs1BQE",
                "server": "index.docker.io",
                "user_assigned_identity_id": "",
                "username": "mariaboukhelfa2025"
              }
            ],
            "init_container": [],
            "ip_address": "172.189.27.172",
            "ip_address_type": "Public",
            "key_vault_key_id": null,
            "key_vault_user_assigned_identity_id": null,
            "location": "francecentral",
            "name": "maces-loan-agent",
            "network_profile_id": null,
            "os_type": "Linux",
            "priority": "",
            "resource_group_name": "maces-rg",
            "restart_policy": "Always",
            "sku": "Standard",
            "subnet_ids": null,
            "tags": {
              "env": "production",
              "project": "MACES",
              "service": "loan-agent"
            },
            "timeouts": null,
            "zones": null
          },
          "sensitive_attributes": [
            [
              {
                "type": "get_attr",
                "value": "container"
              },
              {
                "type": "index",
                "value": {
                  "value": 0,
                  "type": "number"
                }
              },
              {
                "type": "get_attr",
                "value": "secure_environment_variables"
              }
            ],
            [
              {
                "type": "get_attr",
                "value": "image_registry_credential"
              },
              {
                "type": "index",
                "value": {
                  "value": 0,
                  "type": "number"
                }
              },
              {
                "type": "get_attr",
                "value": "password"
              }
            ]
          ],
          "identity_schema_version": 0,
          "private": "eyJlMmJmYjczMC1lY2FhLTExZTYtOGY4OC0zNDM2M2JjN2M0YzAiOnsiY3JlYXRlIjozNjAwMDAwMDAwMDAwLCJkZWxldGUiOjE4MDAwMDAwMDAwMDAsInJlYWQiOjMwMDAwMDAwMDAwMCwidXBkYXRlIjoxODAwMDAwMDAwMDAwfX0=",
          "dependencies": [
            "azurerm_resource_group.maces_rg"
          ]
        }
      ]
    },
    {
      "mode": "managed",
      "type": "azurerm_container_group",
      "name": "voice_assistant",
      "provider": "provider[\"registry.terraform.io/hashicorp/azurerm\"]",
      "instances": [
        {
          "schema_version": 0,
          "attributes": {
            "container": [
              {
                "commands": [],
                "cpu": 4,
                "cpu_limit": 0,
                "environment_variables": {
                  "AUDIO_CHUNK_SIZE": "256",
                  "AUDIO_PROCESSING_TIMEOUT": "15",
                  "AUDIO_SAMPLE_RATE": "16000",
                  "LANGCHAIN_PROJECT": "maces-multi-agent",
                  "LANGCHAIN_TRACING_V2": "true",
                  "LOAD_VOICE_MODELS": "true",
                  "LOAN_AGENT_URL": "http://maces-loan.francecentral.azurecontainer.io:5000",
                  "RESPONSE_STREAMING_TIMEOUT": "60",
                  "RIVA_COMMAND_TIMEOUT": "120",
                  "RIVA_FUNCTION_ID": "b702f636-f60c-4a3d-a6f4-f3568c13bd7d",
                  "SILENCE_DURATION_SEC": "0.8",
                  "VAD_AGGRESSIVENESS": "3",
                  "WS_BUFFER_MAX_SIZE": "5242880"
                },
                "gpu": [],
                "gpu_limit": [],
                "image": "mariaboukhelfa2025/maces:voice-assistant-latest",
                "liveness_probe": [],
                "memory": 32,
                "memory_limit": 0,
                "name": "voice-assistant",
                "ports": [
                  {
                    "port": 8000,
                    "protocol": "TCP"
                  }
                ],
                "readiness_probe": [],
                "secure_environment_variables": {
                  "COHERE_API_KEY": "qK9QsFKE59I022IbbpwM9K1LIULECJD8fqM9tvvE",
                  "GROQ_API_KEY": "your_groq_api_key_here",
                  "HUGGINGFACE_API_TOKEN": "your_huggingface_api_token_here",
                  "LANGCHAIN_API_KEY": "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",
                  "MISTRAL_API_KEY": "CWkXVWnGMkg6DoEkxx8pZdByySTS6pYG",
                  "NVIDIA_API_KEY": "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",
                  "NVIDIA_API_KEY_LLAMA": "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",
                  "NVIDIA_API_KEY_MISTRAL": "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",
                  "NVIDIA_NEMOTRON_API_KEY": "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"
                },
                "security": [],
                "volume": []
              }
            ],
            "diagnostics": [],
            "dns_config": [],
            "dns_name_label": "maces-voice",
            "dns_name_label_reuse_policy": "Unsecure",
            "exposed_port": [
              {
                "port": 8000,
                "protocol": "TCP"
              }
            ],
            "fqdn": "maces-voice.francecentral.azurecontainer.io",
            "id": "/subscriptions/299e067f-d86a-4d63-bc44-b42ed7ecbe2c/resourceGroups/maces-rg/providers/Microsoft.ContainerInstance/containerGroups/maces-voice-assistant",
            "identity": [],
            "image_registry_credential": [
              {
                "password": "dckr_pat_GVyQvDhQZFdLxl8BmzIfnjs1BQE",
                "server": "index.docker.io",
                "user_assigned_identity_id": "",
                "username": "mariaboukhelfa2025"
              }
            ],
            "init_container": [],
            "ip_address": "4.251.203.108",
            "ip_address_type": "Public",
            "key_vault_key_id": null,
            "key_vault_user_assigned_identity_id": null,
            "location": "francecentral",
            "name": "maces-voice-assistant",
            "network_profile_id": null,
            "os_type": "Linux",
            "priority": "",
            "resource_group_name": "maces-rg",
            "restart_policy": "Always",
            "sku": "Standard",
            "subnet_ids": null,
            "tags": {
              "env": "production",
              "project": "MACES",
              "service": "voice-assistant"
            },
            "timeouts": null,
            "zones": null
          },
          "sensitive_attributes": [
            [
              {
                "type": "get_attr",
                "value": "container"
              },
              {
                "type": "index",
                "value": {
                  "value": 0,
                  "type": "number"
                }
              },
              {
                "type": "get_attr",
                "value": "secure_environment_variables"
              }
            ],
            [
              {
                "type": "get_attr",
                "value": "container"
              },
              {
                "type": "index",
                "value": {
                  "value": 0,
                  "type": "number"
                }
              },
              {
                "type": "get_attr",
                "value": "secure_environment_variables"
              },
              {
                "type": "index",
                "value": {
                  "value": "COHERE_API_KEY",
                  "type": "string"
                }
              }
            ],
            [
              {
                "type": "get_attr",
                "value": "container"
              },
              {
                "type": "index",
                "value": {
                  "value": 0,
                  "type": "number"
                }
              },
              {
                "type": "get_attr",
                "value": "secure_environment_variables"
              },
              {
                "type": "index",
                "value": {
                  "value": "GROQ_API_KEY",
                  "type": "string"
                }
              }
            ],
            [
              {
                "type": "get_attr",
                "value": "container"
              },
              {
                "type": "index",
                "value": {
                  "value": 0,
                  "type": "number"
                }
              },
              {
                "type": "get_attr",
                "value": "secure_environment_variables"
              },
              {
                "type": "index",
                "value": {
                  "value": "HUGGINGFACE_API_TOKEN",
                  "type": "string"
                }
              }
            ],
            [
              {
                "type": "get_attr",
                "value": "container"
              },
              {
                "type": "index",
                "value": {
                  "value": 0,
                  "type": "number"
                }
              },
              {
                "type": "get_attr",
                "value": "secure_environment_variables"
              },
              {
                "type": "index",
                "value": {
                  "value": "LANGCHAIN_API_KEY",
                  "type": "string"
                }
              }
            ],
            [
              {
                "type": "get_attr",
                "value": "container"
              },
              {
                "type": "index",
                "value": {
                  "value": 0,
                  "type": "number"
                }
              },
              {
                "type": "get_attr",
                "value": "secure_environment_variables"
              },
              {
                "type": "index",
                "value": {
                  "value": "MISTRAL_API_KEY",
                  "type": "string"
                }
              }
            ],
            [
              {
                "type": "get_attr",
                "value": "container"
              },
              {
                "type": "index",
                "value": {
                  "value": 0,
                  "type": "number"
                }
              },
              {
                "type": "get_attr",
                "value": "secure_environment_variables"
              },
              {
                "type": "index",
                "value": {
                  "value": "NVIDIA_API_KEY",
                  "type": "string"
                }
              }
            ],
            [
              {
                "type": "get_attr",
                "value": "container"
              },
              {
                "type": "index",
                "value": {
                  "value": 0,
                  "type": "number"
                }
              },
              {
                "type": "get_attr",
                "value": "secure_environment_variables"
              },
              {
                "type": "index",
                "value": {
                  "value": "NVIDIA_API_KEY_LLAMA",
                  "type": "string"
                }
              }
            ],
            [
              {
                "type": "get_attr",
                "value": "container"
              },
              {
                "type": "index",
                "value": {
                  "value": 0,
                  "type": "number"
                }
              },
              {
                "type": "get_attr",
                "value": "secure_environment_variables"
              },
              {
                "type": "index",
                "value": {
                  "value": "NVIDIA_API_KEY_MISTRAL",
                  "type": "string"
                }
              }
            ],
            [
              {
                "type": "get_attr",
                "value": "container"
              },
              {
                "type": "index",
                "value": {
                  "value": 0,
                  "type": "number"
                }
              },
              {
                "type": "get_attr",
                "value": "secure_environment_variables"
              },
              {
                "type": "index",
                "value": {
                  "value": "NVIDIA_NEMOTRON_API_KEY",
                  "type": "string"
                }
              }
            ],
            [
              {
                "type": "get_attr",
                "value": "image_registry_credential"
              },
              {
                "type": "index",
                "value": {
                  "value": 0,
                  "type": "number"
                }
              },
              {
                "type": "get_attr",
                "value": "password"
              }
            ]
          ],
          "identity_schema_version": 0,
          "private": "eyJlMmJmYjczMC1lY2FhLTExZTYtOGY4OC0zNDM2M2JjN2M0YzAiOnsiY3JlYXRlIjozNjAwMDAwMDAwMDAwLCJkZWxldGUiOjE4MDAwMDAwMDAwMDAsInJlYWQiOjMwMDAwMDAwMDAwMCwidXBkYXRlIjoxODAwMDAwMDAwMDAwfX0=",
          "dependencies": [
            "azurerm_resource_group.maces_rg"
          ]
        }
      ]
    },
    {
      "mode": "managed",
      "type": "azurerm_resource_group",
      "name": "maces_rg",
      "provider": "provider[\"registry.terraform.io/hashicorp/azurerm\"]",
      "instances": [
        {
          "schema_version": 0,
          "attributes": {
            "id": "/subscriptions/299e067f-d86a-4d63-bc44-b42ed7ecbe2c/resourceGroups/maces-rg",
            "location": "francecentral",
            "managed_by": "",
            "name": "maces-rg",
            "tags": null,
            "timeouts": null
          },
          "sensitive_attributes": [],
          "identity_schema_version": 0,
          "private": "eyJlMmJmYjczMC1lY2FhLTExZTYtOGY4OC0zNDM2M2JjN2M0YzAiOnsiY3JlYXRlIjo1NDAwMDAwMDAwMDAwLCJkZWxldGUiOjU0MDAwMDAwMDAwMDAsInJlYWQiOjMwMDAwMDAwMDAwMCwidXBkYXRlIjo1NDAwMDAwMDAwMDAwfX0="
        }
      ]
    }
  ],
  "check_results": null
}
